// !$*UTF8*$!
{
	archiveVersion = 1;
	classes = {
	};
	objectVersion = 45;
	objects = {

/* Begin PBXBuildFile section */
		1DDD58160DA1D0A300B32029 /* MainMenu.xib in Resources */ = {isa = PBXBuildFile; fileRef = 1DDD58140DA1D0A300B32029 /* MainMenu.xib */; };
		8D11072B0486CEB800E47090 /* InfoPlist.strings in Resources */ = {isa = PBXBuildFile; fileRef = 089C165CFE840E0CC02AAC07 /* InfoPlist.strings */; };
		8D11072D0486CEB800E47090 /* main.m in Sources */ = {isa = PBXBuildFile; fileRef = 29B97316FDCFA39411CA2CEA /* main.m */; settings = {ATTRIBUTES = (); }; };
		8D11072F0486CEB800E47090 /* Cocoa.framework in Frameworks */ = {isa = PBXBuildFile; fileRef = 1058C7A1FEA54F0111CA2CBB /* Cocoa.framework */; };
		CE61BD221117974D00769B9A /* SBJsonBase.m in Sources */ = {isa = PBXBuildFile; fileRef = CE61BD1D1117974D00769B9A /* SBJsonBase.m */; };
		CE61BD231117974D00769B9A /* SBJsonParser.m in Sources */ = {isa = PBXBuildFile; fileRef = CE61BD1F1117974D00769B9A /* SBJsonParser.m */; };
		CE61BD241117974D00769B9A /* SBJsonWriter.m in Sources */ = {isa = PBXBuildFile; fileRef = CE61BD211117974D00769B9A /* SBJsonWriter.m */; };
		CE61BD2A1117975D00769B9A /* MyAmazonS3Utils.m in Sources */ = {isa = PBXBuildFile; fileRef = CE61BD271117975D00769B9A /* MyAmazonS3Utils.m */; };
		CE61BD2B1117975D00769B9A /* MyUtils.m in Sources */ = {isa = PBXBuildFile; fileRef = CE61BD291117975D00769B9A /* MyUtils.m */; };
		CE61BD36111797AE00769B9A /* AmazonS3UploadCommandLineController.m in Sources */ = {isa = PBXBuildFile; fileRef = CE61BD2D111797AE00769B9A /* AmazonS3UploadCommandLineController.m */; };
		CE61BD37111797AE00769B9A /* AppSettings.m in Sources */ = {isa = PBXBuildFile; fileRef = CE61BD2F111797AE00769B9A /* AppSettings.m */; };
		CE61BD38111797AE00769B9A /* CommandLineController.m in Sources */ = {isa = PBXBuildFile; fileRef = CE61BD31111797AE00769B9A /* CommandLineController.m */; };
		CE61BD39111797AE00769B9A /* DSLRCommandLineController.m in Sources */ = {isa = PBXBuildFile; fileRef = CE61BD33111797AE00769B9A /* DSLRCommandLineController.m */; };
		CE61BD3A111797AE00769B9A /* MyController.m in Sources */ = {isa = PBXBuildFile; fileRef = CE61BD35111797AE00769B9A /* MyController.m */; };
		CE61BD3D111797CD00769B9A /* amazon_s3_controller_command_line in Resources */ = {isa = PBXBuildFile; fileRef = CE61BD3B111797CD00769B9A /* amazon_s3_controller_command_line */; };
		CE61BD3E111797CD00769B9A /* dslr_controller_comand_line in Resources */ = {isa = PBXBuildFile; fileRef = CE61BD3C111797CD00769B9A /* dslr_controller_comand_line */; };
		CE61BD40111797DB00769B9A /* myapp.icns in Resources */ = {isa = PBXBuildFile; fileRef = CE61BD3F111797DB00769B9A /* myapp.icns */; };
		CE61BD621117987F00769B9A /* PreferencesController.m in Sources */ = {isa = PBXBuildFile; fileRef = CE61BD611117987F00769B9A /* PreferencesController.m */; };
		CE61BD95111799F000769B9A /* preferences.nib in Resources */ = {isa = PBXBuildFile; fileRef = CE61BD94111799F000769B9A /* preferences.nib */; };
/* End PBXBuildFile section */

/* Begin PBXFileReference section */
		089C165DFE840E0CC02AAC07 /* English */ = {isa = PBXFileReference; fileEncoding = 10; lastKnownFileType = text.plist.strings; name = English; path = English.lproj/InfoPlist.strings; sourceTree = "<group>"; };
		1058C7A1FEA54F0111CA2CBB /* Cocoa.framework */ = {isa = PBXFileReference; lastKnownFileType = wrapper.framework; name = Cocoa.framework; path = /System/Library/Frameworks/Cocoa.framework; sourceTree = "<absolute>"; };
		13E42FB307B3F0F600E4EEF1 /* CoreData.framework */ = {isa = PBXFileReference; lastKnownFileType = wrapper.framework; name = CoreData.framework; path = /System/Library/Frameworks/CoreData.framework; sourceTree = "<absolute>"; };
		1DDD58150DA1D0A300B32029 /* English */ = {isa = PBXFileReference; lastKnownFileType = file.xib; name = English; path = English.lproj/MainMenu.xib; sourceTree = "<group>"; };
		29B97316FDCFA39411CA2CEA /* main.m */ = {isa = PBXFileReference; fileEncoding = 4; lastKnownFileType = sourcecode.c.objc; path = main.m; sourceTree = "<group>"; };
		29B97324FDCFA39411CA2CEA /* AppKit.framework */ = {isa = PBXFileReference; lastKnownFileType = wrapper.framework; name = AppKit.framework; path = /System/Library/Frameworks/AppKit.framework; sourceTree = "<absolute>"; };
		29B97325FDCFA39411CA2CEA /* Foundation.framework */ = {isa = PBXFileReference; lastKnownFileType = wrapper.framework; name = Foundation.framework; path = /System/Library/Frameworks/Foundation.framework; sourceTree = "<absolute>"; };
		32CA4F630368D1EE00C91783 /* kitskam_Prefix.pch */ = {isa = PBXFileReference; fileEncoding = 4; lastKnownFileType = sourcecode.c.h; path = kitskam_Prefix.pch; sourceTree = "<group>"; };
		8D1107310486CEB800E47090 /* Info.plist */ = {isa = PBXFileReference; fileEncoding = 4; lastKnownFileType = text.plist.xml; path = Info.plist; sourceTree = "<group>"; };
		8D1107320486CEB800E47090 /* kitskam.app */ = {isa = PBXFileReference; explicitFileType = wrapper.application; includeInIndex = 0; path = kitskam.app; sourceTree = BUILT_PRODUCTS_DIR; };
		CE61BD1C1117974D00769B9A /* SBJsonBase.h */ = {isa = PBXFileReference; fileEncoding = 4; lastKnownFileType = sourcecode.c.h; path = SBJsonBase.h; sourceTree = "<group>"; };
		CE61BD1D1117974D00769B9A /* SBJsonBase.m */ = {isa = PBXFileReference; fileEncoding = 4; lastKnownFileType = sourcecode.c.objc; path = SBJsonBase.m; sourceTree = "<group>"; };
		CE61BD1E1117974D00769B9A /* SBJsonParser.h */ = {isa = PBXFileReference; fileEncoding = 4; lastKnownFileType = sourcecode.c.h; path = SBJsonParser.h; sourceTree = "<group>"; };
		CE61BD1F1117974D00769B9A /* SBJsonParser.m */ = {isa = PBXFileReference; fileEncoding = 4; lastKnownFileType = sourcecode.c.objc; path = SBJsonParser.m; sourceTree = "<group>"; };
		CE61BD201117974D00769B9A /* SBJsonWriter.h */ = {isa = PBXFileReference; fileEncoding = 4; lastKnownFileType = sourcecode.c.h; path = SBJsonWriter.h; sourceTree = "<group>"; };
		CE61BD211117974D00769B9A /* SBJsonWriter.m */ = {isa = PBXFileReference; fileEncoding = 4; lastKnownFileType = sourcecode.c.objc; path = SBJsonWriter.m; sourceTree = "<group>"; };
		CE61BD261117975D00769B9A /* MyAmazonS3Utils.h */ = {isa = PBXFileReference; fileEncoding = 4; lastKnownFileType = sourcecode.c.h; path = MyAmazonS3Utils.h; sourceTree = "<group>"; };
		CE61BD271117975D00769B9A /* MyAmazonS3Utils.m */ = {isa = PBXFileReference; fileEncoding = 4; lastKnownFileType = sourcecode.c.objc; path = MyAmazonS3Utils.m; sourceTree = "<group>"; };
		CE61BD281117975D00769B9A /* MyUtils.h */ = {isa = PBXFileReference; fileEncoding = 4; lastKnownFileType = sourcecode.c.h; path = MyUtils.h; sourceTree = "<group>"; };
		CE61BD291117975D00769B9A /* MyUtils.m */ = {isa = PBXFileReference; fileEncoding = 4; lastKnownFileType = sourcecode.c.objc; path = MyUtils.m; sourceTree = "<group>"; };
		CE61BD2C111797AE00769B9A /* AmazonS3UploadCommandLineController.h */ = {isa = PBXFileReference; fileEncoding = 4; lastKnownFileType = sourcecode.c.h; path = AmazonS3UploadCommandLineController.h; sourceTree = "<group>"; };
		CE61BD2D111797AE00769B9A /* AmazonS3UploadCommandLineController.m */ = {isa = PBXFileReference; fileEncoding = 4; lastKnownFileType = sourcecode.c.objc; path = AmazonS3UploadCommandLineController.m; sourceTree = "<group>"; };
		CE61BD2E111797AE00769B9A /* AppSettings.h */ = {isa = PBXFileReference; fileEncoding = 4; lastKnownFileType = sourcecode.c.h; path = AppSettings.h; sourceTree = "<group>"; };
		CE61BD2F111797AE00769B9A /* AppSettings.m */ = {isa = PBXFileReference; fileEncoding = 4; lastKnownFileType = sourcecode.c.objc; path = AppSettings.m; sourceTree = "<group>"; };
		CE61BD30111797AE00769B9A /* CommandLineController.h */ = {isa = PBXFileReference; fileEncoding = 4; lastKnownFileType = sourcecode.c.h; path = CommandLineController.h; sourceTree = "<group>"; };
		CE61BD31111797AE00769B9A /* CommandLineController.m */ = {isa = PBXFileReference; fileEncoding = 4; lastKnownFileType = sourcecode.c.objc; path = CommandLineController.m; sourceTree = "<group>"; };
		CE61BD32111797AE00769B9A /* DSLRCommandLineController.h */ = {isa = PBXFileReference; fileEncoding = 4; lastKnownFileType = sourcecode.c.h; path = DSLRCommandLineController.h; sourceTree = "<group>"; };
		CE61BD33111797AE00769B9A /* DSLRCommandLineController.m */ = {isa = PBXFileReference; fileEncoding = 4; lastKnownFileType = sourcecode.c.objc; path = DSLRCommandLineController.m; sourceTree = "<group>"; };
		CE61BD34111797AE00769B9A /* MyController.h */ = {isa = PBXFileReference; fileEncoding = 4; lastKnownFileType = sourcecode.c.h; path = MyController.h; sourceTree = "<group>"; };
		CE61BD35111797AE00769B9A /* MyController.m */ = {isa = PBXFileReference; fileEncoding = 4; lastKnownFileType = sourcecode.c.objc; path = MyController.m; sourceTree = "<group>"; };
		CE61BD3B111797CD00769B9A /* amazon_s3_controller_command_line */ = {isa = PBXFileReference; lastKnownFileType = "compiled.mach-o.executable"; path = amazon_s3_controller_command_line; sourceTree = "<group>"; };
		CE61BD3C111797CD00769B9A /* dslr_controller_comand_line */ = {isa = PBXFileReference; lastKnownFileType = "compiled.mach-o.executable"; path = dslr_controller_comand_line; sourceTree = "<group>"; };
		CE61BD3F111797DB00769B9A /* myapp.icns */ = {isa = PBXFileReference; lastKnownFileType = image.icns; path = myapp.icns; sourceTree = "<group>"; };
		CE61BD601117987F00769B9A /* PreferencesController.h */ = {isa = PBXFileReference; fileEncoding = 4; lastKnownFileType = sourcecode.c.h; path = PreferencesController.h; sourceTree = "<group>"; };
		CE61BD611117987F00769B9A /* PreferencesController.m */ = {isa = PBXFileReference; fileEncoding = 4; lastKnownFileType = sourcecode.c.objc; path = PreferencesController.m; sourceTree = "<group>"; };
		CE61BD94111799F000769B9A /* preferences.nib */ = {isa = PBXFileReference; lastKnownFileType = wrapper.nib; path = preferences.nib; sourceTree = "<group>"; };
/* End PBXFileReference section */

/* Begin PBXFrameworksBuildPhase section */
		8D11072E0486CEB800E47090 /* Frameworks */ = {
			isa = PBXFrameworksBuildPhase;
			buildActionMask = 2147483647;
			files = (
				8D11072F0486CEB800E47090 /* Cocoa.framework in Frameworks */,
			);
			runOnlyForDeploymentPostprocessing = 0;
		};
/* End PBXFrameworksBuildPhase section */

/* Begin PBXGroup section */
		080E96DDFE201D6D7F000001 /* Classes */ = {
			isa = PBXGroup;
			children = (
				CE61BD601117987F00769B9A /* PreferencesController.h */,
				CE61BD611117987F00769B9A /* PreferencesController.m */,
				CE61BD2C111797AE00769B9A /* AmazonS3UploadCommandLineController.h */,
				CE61BD2D111797AE00769B9A /* AmazonS3UploadCommandLineController.m */,
				CE61BD2E111797AE00769B9A /* AppSettings.h */,
				CE61BD2F111797AE00769B9A /* AppSettings.m */,
				CE61BD30111797AE00769B9A /* CommandLineController.h */,
				CE61BD31111797AE00769B9A /* CommandLineController.m */,
				CE61BD32111797AE00769B9A /* DSLRCommandLineController.h */,
				CE61BD33111797AE00769B9A /* DSLRCommandLineController.m */,
				CE61BD34111797AE00769B9A /* MyController.h */,
				CE61BD35111797AE00769B9A /* MyController.m */,
			);
			name = Classes;
			sourceTree = "<group>";
		};
		1058C7A0FEA54F0111CA2CBB /* Linked Frameworks */ = {
			isa = PBXGroup;
			children = (
				1058C7A1FEA54F0111CA2CBB /* Cocoa.framework */,
			);
			name = "Linked Frameworks";
			sourceTree = "<group>";
		};
		1058C7A2FEA54F0111CA2CBB /* Other Frameworks */ = {
			isa = PBXGroup;
			children = (
				29B97324FDCFA39411CA2CEA /* AppKit.framework */,
				13E42FB307B3F0F600E4EEF1 /* CoreData.framework */,
				29B97325FDCFA39411CA2CEA /* Foundation.framework */,
			);
			name = "Other Frameworks";
			sourceTree = "<group>";
		};
		19C28FACFE9D520D11CA2CBB /* Products */ = {
			isa = PBXGroup;
			children = (
				8D1107320486CEB800E47090 /* kitskam.app */,
			);
			name = Products;
			sourceTree = "<group>";
		};
		29B97314FDCFA39411CA2CEA /* kitskam */ = {
			isa = PBXGroup;
			children = (
				CE61BD251117975D00769B9A /* MyShared */,
				CE61BD1B1117974D00769B9A /* JSON */,
				080E96DDFE201D6D7F000001 /* Classes */,
				29B97315FDCFA39411CA2CEA /* Other Sources */,
				29B97317FDCFA39411CA2CEA /* Resources */,
				29B97323FDCFA39411CA2CEA /* Frameworks */,
				19C28FACFE9D520D11CA2CBB /* Products */,
				CE61BD94111799F000769B9A /* preferences.nib */,
			);
			name = kitskam;
			sourceTree = "<group>";
		};
		29B97315FDCFA39411CA2CEA /* Other Sources */ = {
			isa = PBXGroup;
			children = (
				32CA4F630368D1EE00C91783 /* kitskam_Prefix.pch */,
				29B97316FDCFA39411CA2CEA /* main.m */,
			);
			name = "Other Sources";
			sourceTree = "<group>";
		};
		29B97317FDCFA39411CA2CEA /* Resources */ = {
			isa = PBXGroup;
			children = (
				CE61BD3F111797DB00769B9A /* myapp.icns */,
				CE61BD3B111797CD00769B9A /* amazon_s3_controller_command_line */,
				CE61BD3C111797CD00769B9A /* dslr_controller_comand_line */,
				8D1107310486CEB800E47090 /* Info.plist */,
				089C165CFE840E0CC02AAC07 /* InfoPlist.strings */,
				1DDD58140DA1D0A300B32029 /* MainMenu.xib */,
			);
			name = Resources;
			sourceTree = "<group>";
		};
		29B97323FDCFA39411CA2CEA /* Frameworks */ = {
			isa = PBXGroup;
			children = (
				1058C7A0FEA54F0111CA2CBB /* Linked Frameworks */,
				1058C7A2FEA54F0111CA2CBB /* Other Frameworks */,
			);
			name = Frameworks;
			sourceTree = "<group>";
		};
		CE61BD1B1117974D00769B9A /* JSON */ = {
			isa = PBXGroup;
			children = (
				CE61BD1C1117974D00769B9A /* SBJsonBase.h */,
				CE61BD1D1117974D00769B9A /* SBJsonBase.m */,
				CE61BD1E1117974D00769B9A /* SBJsonParser.h */,
				CE61BD1F1117974D00769B9A /* SBJsonParser.m */,
				CE61BD201117974D00769B9A /* SBJsonWriter.h */,
				CE61BD211117974D00769B9A /* SBJsonWriter.m */,
			);
			path = JSON;
			sourceTree = "<group>";
		};
		CE61BD251117975D00769B9A /* MyShared */ = {
			isa = PBXGroup;
			children = (
				CE61BD261117975D00769B9A /* MyAmazonS3Utils.h */,
				CE61BD271117975D00769B9A /* MyAmazonS3Utils.m */,
				CE61BD281117975D00769B9A /* MyUtils.h */,
				CE61BD291117975D00769B9A /* MyUtils.m */,
			);
			path = MyShared;
			sourceTree = "<group>";
		};
/* End PBXGroup section */

/* Begin PBXNativeTarget section */
		8D1107260486CEB800E47090 /* kitskam */ = {
			isa = PBXNativeTarget;
			buildConfigurationList = C01FCF4A08A954540054247B /* Build configuration list for PBXNativeTarget "kitskam" */;
			buildPhases = (
				8D1107290486CEB800E47090 /* Resources */,
				8D11072C0486CEB800E47090 /* Sources */,
				8D11072E0486CEB800E47090 /* Frameworks */,
			);
			buildRules = (
			);
			dependencies = (
			);
			name = kitskam;
			productInstallPath = "$(HOME)/Applications";
			productName = kitskam;
			productReference = 8D1107320486CEB800E47090 /* kitskam.app */;
			productType = "com.apple.product-type.application";
		};
/* End PBXNativeTarget section */

/* Begin PBXProject section */
		29B97313FDCFA39411CA2CEA /* Project object */ = {
			isa = PBXProject;
			buildConfigurationList = C01FCF4E08A954540054247B /* Build configuration list for PBXProject "kitskam" */;
			compatibilityVersion = "Xcode 3.1";
			hasScannedForEncodings = 1;
			mainGroup = 29B97314FDCFA39411CA2CEA /* kitskam */;
			projectDirPath = "";
			projectRoot = "";
			targets = (
				8D1107260486CEB800E47090 /* kitskam */,
			);
		};
/* End PBXProject section */

/* Begin PBXResourcesBuildPhase section */
		8D1107290486CEB800E47090 /* Resources */ = {
			isa = PBXResourcesBuildPhase;
			buildActionMask = 2147483647;
			files = (
				8D11072B0486CEB800E47090 /* InfoPlist.strings in Resources */,
				1DDD58160DA1D0A300B32029 /* MainMenu.xib in Resources */,
				CE61BD3D111797CD00769B9A /* amazon_s3_controller_command_line in Resources */,
				CE61BD3E111797CD00769B9A /* dslr_controller_comand_line in Resources */,
				CE61BD40111797DB00769B9A /* myapp.icns in Resources */,
				CE61BD95111799F000769B9A /* preferences.nib in Resources */,
			);
			runOnlyForDeploymentPostprocessing = 0;
		};
/* End PBXResourcesBuildPhase section */

/* Begin PBXSourcesBuildPhase section */
		8D11072C0486CEB800E47090 /* Sources */ = {
			isa = PBXSourcesBuildPhase;
			buildActionMask = 2147483647;
			files = (
				8D11072D0486CEB800E47090 /* main.m in Sources */,
				CE61BD221117974D00769B9A /* SBJsonBase.m in Sources */,
				CE61BD231117974D00769B9A /* SBJsonParser.m in Sources */,
				CE61BD241117974D00769B9A /* SBJsonWriter.m in Sources */,
				CE61BD2A1117975D00769B9A /* MyAmazonS3Utils.m in Sources */,
				CE61BD2B1117975D00769B9A /* MyUtils.m in Sources */,
				CE61BD36111797AE00769B9A /* AmazonS3UploadCommandLineController.m in Sources */,
				CE61BD37111797AE00769B9A /* AppSettings.m in Sources */,
				CE61BD38111797AE00769B9A /* CommandLineController.m in Sources */,
				CE61BD39111797AE00769B9A /* DSLRCommandLineController.m in Sources */,
				CE61BD3A111797AE00769B9A /* MyController.m in Sources */,
				CE61BD621117987F00769B9A /* PreferencesController.m in Sources */,
			);
			runOnlyForDeploymentPostprocessing = 0;
		};
/* End PBXSourcesBuildPhase section */

/* Begin PBXVariantGroup section */
		089C165CFE840E0CC02AAC07 /* InfoPlist.strings */ = {
			isa = PBXVariantGroup;
			children = (
				089C165DFE840E0CC02AAC07 /* English */,
			);
			name = InfoPlist.strings;
			sourceTree = "<group>";
		};
		1DDD58140DA1D0A300B32029 /* MainMenu.xib */ = {
			isa = PBXVariantGroup;
			children = (
				1DDD58150DA1D0A300B32029 /* English */,
			);
			name = MainMenu.xib;
			sourceTree = "<group>";
		};
/* End PBXVariantGroup section */

/* Begin XCBuildConfiguration section */
		C01FCF4B08A954540054247B /* Debug */ = {
			isa = XCBuildConfiguration;
			buildSettings = {
				ALWAYS_SEARCH_USER_PATHS = NO;
				COPY_PHASE_STRIP = NO;
				GCC_DYNAMIC_NO_PIC = NO;
				GCC_ENABLE_FIX_AND_CONTINUE = YES;
				GCC_MODEL_TUNING = G5;
				GCC_OPTIMIZATION_LEVEL = 0;
				GCC_PRECOMPILE_PREFIX_HEADER = YES;
				GCC_PREFIX_HEADER = kitskam_Prefix.pch;
				INFOPLIST_FILE = Info.plist;
				INSTALL_PATH = "$(HOME)/Applications";
				PRODUCT_NAME = kitskam;
			};
			name = Debug;
		};
		C01FCF4C08A954540054247B /* Release */ = {
			isa = XCBuildConfiguration;
			buildSettings = {
				ALWAYS_SEARCH_USER_PATHS = NO;
				DEBUG_INFORMATION_FORMAT = "dwarf-with-dsym";
				GCC_MODEL_TUNING = G5;
				GCC_PRECOMPILE_PREFIX_HEADER = YES;
				GCC_PREFIX_HEADER = kitskam_Prefix.pch;
				INFOPLIST_FILE = Info.plist;
				INSTALL_PATH = "$(HOME)/Applications";
				PRODUCT_NAME = kitskam;
			};
			name = Release;
		};
		C01FCF4F08A954540054247B /* Debug */ = {
			isa = XCBuildConfiguration;
			buildSettings = {
				ARCHS = "$(ARCHS_STANDARD_32_BIT)";
				GCC_C_LANGUAGE_STANDARD = c99;
				GCC_OPTIMIZATION_LEVEL = 0;
				GCC_WARN_ABOUT_RETURN_TYPE = YES;
				GCC_WARN_UNUSED_VARIABLE = YES;
				ONLY_ACTIVE_ARCH = YES;
				PREBINDING = NO;
				SDKROOT = macosx10.5;
			};
			name = Debug;
		};
		C01FCF5008A954540054247B /* Release */ = {
			isa = XCBuildConfiguration;
			buildSettings = {
				ARCHS = "$(ARCHS_STANDARD_32_BIT)";
				GCC_C_LANGUAGE_STANDARD = c99;
				GCC_WARN_ABOUT_RETURN_TYPE = YES;
				GCC_WARN_UNUSED_VARIABLE = YES;
				PREBINDING = NO;
				SDKROOT = macosx10.5;
			};
			name = Release;
		};
/* End XCBuildConfiguration section */

/* Begin XCConfigurationList section */
		C01FCF4A08A954540054247B /* Build configuration list for PBXNativeTarget "kitskam" */ = {
			isa = XCConfigurationList;
			buildConfigurations = (
				C01FCF4B08A954540054247B /* Debug */,
				C01FCF4C08A954540054247B /* Release */,
			);
			defaultConfigurationIsVisible = 0;
			defaultConfigurationName = Release;
		};
		C01FCF4E08A954540054247B /* Build configuration list for PBXProject "kitskam" */ = {
			isa = XCConfigurationList;
			buildConfigurations = (
				C01FCF4F08A954540054247B /* Debug */,
				C01FCF5008A954540054247B /* Release */,
			);
			defaultConfigurationIsVisible = 0;
			defaultConfigurationName = Release;
		};
/* End XCConfigurationList section */
	};
	rootObject = 29B97313FDCFA39411CA2CEA /* Project object */;
}
